
Microsoft Visual Studio Solution File, Format Version 12.00
# Visual Studio Version 16
VisualStudioVersion = 16.0.30717.126
MinimumVisualStudioVersion = 10.0.40219.1
Project("{FAE04EC0-301F-11D3-BF4B-00C04F79EFBC}") = "PowerSwitcher", "PowerSwitcher\PowerSwitcher.csproj", "{F3DA700B-F5CE-4A05-BAEA-305EB75672D5}"
EndProject
Project("{2150E333-8FDC-42A3-9474-1A3956D46DE8}") = "Assets", "Assets", "{A3FA5240-3B8B-4BC2-ABF7-EDB4025DD657}"
	ProjectSection(SolutionItems) = preProject
		..\..\..\Desktop\power switcher.png = ..\..\..\Desktop\power switcher.png
	EndProjectSection
EndProject
Global
	GlobalSection(SolutionConfigurationPlatforms) = preSolution
		Debug|Any CPU = Debug|Any CPU
		Release|Any CPU = Release|Any CPU
	EndGlobalSection
	GlobalSection(ProjectConfigurationPlatforms) = postSolution
		{F3DA700B-F5CE-4A05-BAEA-305EB75672D5}.Debug|Any CPU.ActiveCfg = Debug|Any CPU
		{F3DA700B-F5CE-4A05-BAEA-305EB75672D5}.Debug|Any CPU.Build.0 = Debug|Any CPU
		{F3DA700B-F5CE-4A05-BAEA-305EB75672D5}.Release|Any CPU.ActiveCfg = Release|Any CPU
		{F3DA700B-F5CE-4A05-BAEA-305EB75672D5}.Release|Any CPU.Build.0 = Release|Any CPU
	EndGlobalSection
	GlobalSection(SolutionProperties) = preSolution
		HideSolutionNode = FALSE
	EndGlobalSection
	GlobalSection(ExtensibilityGlobals) = postSolution
		SolutionGuid = {6A8237B9-EB71-4E4F-AC76-37D8C5FABE7C}
	EndGlobalSection
EndGlobal
